
Microsoft Visual Studio Solution File, Format Version 12.00
# Visual Studio Version 17
VisualStudioVersion = 17.6.33723.286
MinimumVisualStudioVersion = 10.0.40219.1
Project("{8BC9CEB8-8B4A-11D0-8D11-00A0C91BC942}") = "Bridges-Algorithm", "Bridges-Algorithm\Bridges-Algorithm.vcxproj", "{F7143E7D-8A6D-4219-B9C8-63174C9C741A}"
EndProject
Global
	GlobalSection(SolutionConfigurationPlatforms) = preSolution
		Debug|x64 = Debug|x64
		Debug|x86 = Debug|x86
		Release|x64 = Release|x64
		Release|x86 = Release|x86
	EndGlobalSection
	GlobalSection(ProjectConfigurationPlatforms) = postSolution
		{F7143E7D-8A6D-4219-B9C8-63174C9C741A}.Debug|x64.ActiveCfg = Debug|x64
		{F7143E7D-8A6D-4219-B9C8-63174C9C741A}.Debug|x64.Build.0 = Debug|x64
		{F7143E7D-8A6D-4219-B9C8-63174C9C741A}.Debug|x86.ActiveCfg = Debug|Win32
		{F7143E7D-8A6D-4219-B9C8-63174C9C741A}.Debug|x86.Build.0 = Debug|Win32
		{F7143E7D-8A6D-4219-B9C8-63174C9C741A}.Release|x64.ActiveCfg = Release|x64
		{F7143E7D-8A6D-4219-B9C8-63174C9C741A}.Release|x64.Build.0 = Release|x64
		{F7143E7D-8A6D-4219-B9C8-63174C9C741A}.Release|x86.ActiveCfg = Release|Win32
		{F7143E7D-8A6D-4219-B9C8-63174C9C741A}.Release|x86.Build.0 = Release|Win32
	EndGlobalSection
	GlobalSection(SolutionProperties) = preSolution
		HideSolutionNode = FALSE
	EndGlobalSection
	GlobalSection(ExtensibilityGlobals) = postSolution
		SolutionGuid = {9A0B8AA8-EDA1-469C-8458-6BCD03DDCD15}
	EndGlobalSection
EndGlobal
